// !$*UTF8*$!
{
	archiveVersion = 1;
	classes = {
	};
	objectVersion = 46;
	objects = {

/* Begin PBXBuildFile section */
		C27DFCE71B4A6A1E008671C4 /* libAFNetworking.a in Frameworks */ = {isa = PBXBuildFile; fileRef = C27DFCDB1B4A6A1E008671C4 /* libAFNetworking.a */; };
		C27DFD081B4A6A58008671C4 /* AFHTTPRequestOperationManager.m in Sources */ = {isa = PBXBuildFile; fileRef = C27DFCF81B4A6A58008671C4 /* AFHTTPRequestOperationManager.m */; };
		C27DFD0A1B4A6A58008671C4 /* AFNetworkReachabilityManager.m in Sources */ = {isa = PBXBuildFile; fileRef = C27DFCFC1B4A6A58008671C4 /* AFNetworkReachabilityManager.m */; };
		C27DFD0B1B4A6A58008671C4 /* AFSecurityPolicy.m in Sources */ = {isa = PBXBuildFile; fileRef = C27DFCFE1B4A6A58008671C4 /* AFSecurityPolicy.m */; };
		C27DFD0C1B4A6A58008671C4 /* AFHTTPRequestOperation.m in Sources */ = {isa = PBXBuildFile; fileRef = C27DFD001B4A6A58008671C4 /* AFHTTPRequestOperation.m */; };
		C27DFD0D1B4A6A58008671C4 /* AFURLRequestSerialization.m in Sources */ = {isa = PBXBuildFile; fileRef = C27DFD021B4A6A58008671C4 /* AFURLRequestSerialization.m */; };
		C27DFD0E1B4A6A58008671C4 /* AFURLResponseSerialization.m in Sources */ = {isa = PBXBuildFile; fileRef = C27DFD041B4A6A58008671C4 /* AFURLResponseSerialization.m */; };
		C27DFD161B4A808D008671C4 /* AFHTTPRequestOperationTest.m in Sources */ = {isa = PBXBuildFile; fileRef = C27DFD151B4A808D008671C4 /* AFHTTPRequestOperationTest.m */; };
		C2A1358E1B8EF7A900C049C6 /* UIImageView+AFNetworking.m in Sources */ = {isa = PBXBuildFile; fileRef = C2A1358D1B8EF7A900C049C6 /* UIImageView+AFNetworking.m */; };
		C2A742F01B85B833004C9C33 /* AFHTTPResponseCache..m in Sources */ = {isa = PBXBuildFile; fileRef = C2A742EF1B85B833004C9C33 /* AFHTTPResponseCache..m */; };
/* End PBXBuildFile section */

/* Begin PBXContainerItemProxy section */
		C27DFCE81B4A6A1E008671C4 /* PBXContainerItemProxy */ = {
			isa = PBXContainerItemProxy;
			containerPortal = C27DFCD31B4A6A1E008671C4 /* Project object */;
			proxyType = 1;
			remoteGlobalIDString = C27DFCDA1B4A6A1E008671C4;
			remoteInfo = AFNetworking;
		};
/* End PBXContainerItemProxy section */

/* Begin PBXCopyFilesBuildPhase section */
		C27DFCD91B4A6A1E008671C4 /* Copy Files */ = {
			isa = PBXCopyFilesBuildPhase;
			buildActionMask = 2147483647;
			dstPath = "include/$(PRODUCT_NAME)";
			dstSubfolderSpec = 16;
			files = (
			);
			name = "Copy Files";
			runOnlyForDeploymentPostprocessing = 0;
		};
/* End PBXCopyFilesBuildPhase section */

/* Begin PBXFileReference section */
		C27DFCDB1B4A6A1E008671C4 /* libAFNetworking.a */ = {isa = PBXFileReference; explicitFileType = archive.ar; includeInIndex = 0; path = libAFNetworking.a; sourceTree = BUILT_PRODUCTS_DIR; };
		C27DFCE61B4A6A1E008671C4 /* AFNetworkingTests.xctest */ = {isa = PBXFileReference; explicitFileType = wrapper.cfbundle; includeInIndex = 0; path = AFNetworkingTests.xctest; sourceTree = BUILT_PRODUCTS_DIR; };
		C27DFCEC1B4A6A1E008671C4 /* Info.plist */ = {isa = PBXFileReference; lastKnownFileType = text.plist.xml; path = Info.plist; sourceTree = "<group>"; };
		C27DFCF71B4A6A58008671C4 /* AFHTTPRequestOperationManager.h */ = {isa = PBXFileReference; fileEncoding = 4; lastKnownFileType = sourcecode.c.h; path = AFHTTPRequestOperationManager.h; sourceTree = "<group>"; };
		C27DFCF81B4A6A58008671C4 /* AFHTTPRequestOperationManager.m */ = {isa = PBXFileReference; fileEncoding = 4; lastKnownFileType = sourcecode.c.objc; path = AFHTTPRequestOperationManager.m; sourceTree = "<group>"; };
		C27DFCFB1B4A6A58008671C4 /* AFNetworkReachabilityManager.h */ = {isa = PBXFileReference; fileEncoding = 4; lastKnownFileType = sourcecode.c.h; path = AFNetworkReachabilityManager.h; sourceTree = "<group>"; };
		C27DFCFC1B4A6A58008671C4 /* AFNetworkReachabilityManager.m */ = {isa = PBXFileReference; fileEncoding = 4; lastKnownFileType = sourcecode.c.objc; path = AFNetworkReachabilityManager.m; sourceTree = "<group>"; };
		C27DFCFD1B4A6A58008671C4 /* AFSecurityPolicy.h */ = {isa = PBXFileReference; fileEncoding = 4; lastKnownFileType = sourcecode.c.h; path = AFSecurityPolicy.h; sourceTree = "<group>"; };
		C27DFCFE1B4A6A58008671C4 /* AFSecurityPolicy.m */ = {isa = PBXFileReference; fileEncoding = 4; lastKnownFileType = sourcecode.c.objc; path = AFSecurityPolicy.m; sourceTree = "<group>"; };
		C27DFCFF1B4A6A58008671C4 /* AFHTTPRequestOperation.h */ = {isa = PBXFileReference; fileEncoding = 4; lastKnownFileType = sourcecode.c.h; path = AFHTTPRequestOperation.h; sourceTree = "<group>"; };
		C27DFD001B4A6A58008671C4 /* AFHTTPRequestOperation.m */ = {isa = PBXFileReference; fileEncoding = 4; lastKnownFileType = sourcecode.c.objc; path = AFHTTPRequestOperation.m; sourceTree = "<group>"; };
		C27DFD011B4A6A58008671C4 /* AFURLRequestSerialization.h */ = {isa = PBXFileReference; fileEncoding = 4; lastKnownFileType = sourcecode.c.h; path = AFURLRequestSerialization.h; sourceTree = "<group>"; };
		C27DFD021B4A6A58008671C4 /* AFURLRequestSerialization.m */ = {isa = PBXFileReference; fileEncoding = 4; lastKnownFileType = sourcecode.c.objc; path = AFURLRequestSerialization.m; sourceTree = "<group>"; };
		C27DFD031B4A6A58008671C4 /* AFURLResponseSerialization.h */ = {isa = PBXFileReference; fileEncoding = 4; lastKnownFileType = sourcecode.c.h; path = AFURLResponseSerialization.h; sourceTree = "<group>"; };
		C27DFD041B4A6A58008671C4 /* AFURLResponseSerialization.m */ = {isa = PBXFileReference; fileEncoding = 4; lastKnownFileType = sourcecode.c.objc; path = AFURLResponseSerialization.m; sourceTree = "<group>"; };
		C27DFD151B4A808D008671C4 /* AFHTTPRequestOperationTest.m */ = {isa = PBXFileReference; fileEncoding = 4; lastKnownFileType = sourcecode.c.objc; path = AFHTTPRequestOperationTest.m; sourceTree = "<group>"; };
		C2A1358C1B8EF7A900C049C6 /* UIImageView+AFNetworking.h */ = {isa = PBXFileReference; fileEncoding = 4; lastKnownFileType = sourcecode.c.h; path = "UIImageView+AFNetworking.h"; sourceTree = "<group>"; };
		C2A1358D1B8EF7A900C049C6 /* UIImageView+AFNetworking.m */ = {isa = PBXFileReference; fileEncoding = 4; lastKnownFileType = sourcecode.c.objc; path = "UIImageView+AFNetworking.m"; sourceTree = "<group>"; };
		C2A742EE1B85B833004C9C33 /* AFHTTPResponseCache.h */ = {isa = PBXFileReference; fileEncoding = 4; lastKnownFileType = sourcecode.c.h; path = AFHTTPResponseCache.h; sourceTree = "<group>"; };
		C2A742EF1B85B833004C9C33 /* AFHTTPResponseCache..m */ = {isa = PBXFileReference; fileEncoding = 4; lastKnownFileType = sourcecode.c.objc; path = AFHTTPResponseCache..m; sourceTree = "<group>"; };
/* End PBXFileReference section */

/* Begin PBXFrameworksBuildPhase section */
		C27DFCD81B4A6A1E008671C4 /* Frameworks */ = {
			isa = PBXFrameworksBuildPhase;
			buildActionMask = 2147483647;
			files = (
			);
			runOnlyForDeploymentPostprocessing = 0;
		};
		C27DFCE31B4A6A1E008671C4 /* Frameworks */ = {
			isa = PBXFrameworksBuildPhase;
			buildActionMask = 2147483647;
			files = (
				C27DFCE71B4A6A1E008671C4 /* libAFNetworking.a in Frameworks */,
			);
			runOnlyForDeploymentPostprocessing = 0;
		};
/* End PBXFrameworksBuildPhase section */

/* Begin PBXGroup section */
		673C3537BDB94B27EA0A259C /* Frameworks */ = {
			isa = PBXGroup;
			children = (
			);
			name = Frameworks;
			sourceTree = "<group>";
		};
		C27DFCD21B4A6A1E008671C4 = {
			isa = PBXGroup;
			children = (
				C27DFCDD1B4A6A1E008671C4 /* AFNetworking */,
				C27DFCEA1B4A6A1E008671C4 /* AFNetworkingTests */,
				C27DFCDC1B4A6A1E008671C4 /* Products */,
				673C3537BDB94B27EA0A259C /* Frameworks */,
			);
			sourceTree = "<group>";
		};
		C27DFCDC1B4A6A1E008671C4 /* Products */ = {
			isa = PBXGroup;
			children = (
				C27DFCDB1B4A6A1E008671C4 /* libAFNetworking.a */,
				C27DFCE61B4A6A1E008671C4 /* AFNetworkingTests.xctest */,
			);
			name = Products;
			sourceTree = "<group>";
		};
		C27DFCDD1B4A6A1E008671C4 /* AFNetworking */ = {
			isa = PBXGroup;
			children = (
				C27DFD141B4A6B4A008671C4 /* Serialization */,
				C27DFD131B4A6B3D008671C4 /* Reachability */,
				C27DFD121B4A6B2F008671C4 /* Security */,
				C27DFD101B4A6A9A008671C4 /* NSURLConnection */,
			);
			path = AFNetworking;
			sourceTree = "<group>";
		};
		C27DFCEA1B4A6A1E008671C4 /* AFNetworkingTests */ = {
			isa = PBXGroup;
			children = (
				C27DFCEB1B4A6A1E008671C4 /* Supporting Files */,
				C27DFD151B4A808D008671C4 /* AFHTTPRequestOperationTest.m */,
			);
			path = AFNetworkingTests;
			sourceTree = "<group>";
		};
		C27DFCEB1B4A6A1E008671C4 /* Supporting Files */ = {
			isa = PBXGroup;
			children = (
				C27DFCEC1B4A6A1E008671C4 /* Info.plist */,
			);
			name = "Supporting Files";
			sourceTree = "<group>";
		};
		C27DFD101B4A6A9A008671C4 /* NSURLConnection */ = {
			isa = PBXGroup;
			children = (
				C2A742EE1B85B833004C9C33 /* AFHTTPResponseCache.h */,
				C2A742EF1B85B833004C9C33 /* AFHTTPResponseCache..m */,
				C27DFCFF1B4A6A58008671C4 /* AFHTTPRequestOperation.h */,
				C27DFD001B4A6A58008671C4 /* AFHTTPRequestOperation.m */,
				C27DFCF71B4A6A58008671C4 /* AFHTTPRequestOperationManager.h */,
				C27DFCF81B4A6A58008671C4 /* AFHTTPRequestOperationManager.m */,
				C2A1358C1B8EF7A900C049C6 /* UIImageView+AFNetworking.h */,
				C2A1358D1B8EF7A900C049C6 /* UIImageView+AFNetworking.m */,
			);
			name = NSURLConnection;
			sourceTree = "<group>";
		};
		C27DFD121B4A6B2F008671C4 /* Security */ = {
			isa = PBXGroup;
			children = (
				C27DFCFD1B4A6A58008671C4 /* AFSecurityPolicy.h */,
				C27DFCFE1B4A6A58008671C4 /* AFSecurityPolicy.m */,
			);
			name = Security;
			sourceTree = "<group>";
		};
		C27DFD131B4A6B3D008671C4 /* Reachability */ = {
			isa = PBXGroup;
			children = (
				C27DFCFB1B4A6A58008671C4 /* AFNetworkReachabilityManager.h */,
				C27DFCFC1B4A6A58008671C4 /* AFNetworkReachabilityManager.m */,
			);
			name = Reachability;
			sourceTree = "<group>";
		};
		C27DFD141B4A6B4A008671C4 /* Serialization */ = {
			isa = PBXGroup;
			children = (
				C27DFD011B4A6A58008671C4 /* AFURLRequestSerialization.h */,
				C27DFD021B4A6A58008671C4 /* AFURLRequestSerialization.m */,
				C27DFD031B4A6A58008671C4 /* AFURLResponseSerialization.h */,
				C27DFD041B4A6A58008671C4 /* AFURLResponseSerialization.m */,
			);
			name = Serialization;
			sourceTree = "<group>";
		};
/* End PBXGroup section */

/* Begin PBXNativeTarget section */
		C27DFCDA1B4A6A1E008671C4 /* AFNetworking */ = {
			isa = PBXNativeTarget;
			buildConfigurationList = C27DFCEF1B4A6A1E008671C4 /* Build configuration list for PBXNativeTarget "AFNetworking" */;
			buildPhases = (
				C27DFCD71B4A6A1E008671C4 /* Sources */,
				C27DFCD81B4A6A1E008671C4 /* Frameworks */,
				C27DFCD91B4A6A1E008671C4 /* Copy Files */,
			);
			buildRules = (
			);
			dependencies = (
			);
			name = AFNetworking;
			productName = AFNetworking;
			productReference = C27DFCDB1B4A6A1E008671C4 /* libAFNetworking.a */;
			productType = "com.apple.product-type.library.static";
		};
		C27DFCE51B4A6A1E008671C4 /* AFNetworkingTests */ = {
			isa = PBXNativeTarget;
			buildConfigurationList = C27DFCF21B4A6A1E008671C4 /* Build configuration list for PBXNativeTarget "AFNetworkingTests" */;
			buildPhases = (
				C27DFCE21B4A6A1E008671C4 /* Sources */,
				C27DFCE31B4A6A1E008671C4 /* Frameworks */,
				C27DFCE41B4A6A1E008671C4 /* Resources */,
			);
			buildRules = (
			);
			dependencies = (
				C27DFCE91B4A6A1E008671C4 /* PBXTargetDependency */,
			);
			name = AFNetworkingTests;
			productName = AFNetworkingTests;
			productReference = C27DFCE61B4A6A1E008671C4 /* AFNetworkingTests.xctest */;
			productType = "com.apple.product-type.bundle.unit-test";
		};
/* End PBXNativeTarget section */

/* Begin PBXProject section */
		C27DFCD31B4A6A1E008671C4 /* Project object */ = {
			isa = PBXProject;
			attributes = {
				LastUpgradeCheck = 0630;
				ORGANIZATIONNAME = yangxf;
				TargetAttributes = {
					C27DFCDA1B4A6A1E008671C4 = {
						CreatedOnToolsVersion = 6.3.2;
					};
					C27DFCE51B4A6A1E008671C4 = {
						CreatedOnToolsVersion = 6.3.2;
					};
				};
			};
			buildConfigurationList = C27DFCD61B4A6A1E008671C4 /* Build configuration list for PBXProject "AFNetworking" */;
			compatibilityVersion = "Xcode 3.2";
			developmentRegion = English;
			hasScannedForEncodings = 0;
			knownRegions = (
				en,
			);
			mainGroup = C27DFCD21B4A6A1E008671C4;
			productRefGroup = C27DFCDC1B4A6A1E008671C4 /* Products */;
			projectDirPath = "";
			projectRoot = "";
			targets = (
				C27DFCDA1B4A6A1E008671C4 /* AFNetworking */,
				C27DFCE51B4A6A1E008671C4 /* AFNetworkingTests */,
			);
		};
/* End PBXProject section */

/* Begin PBXResourcesBuildPhase section */
		C27DFCE41B4A6A1E008671C4 /* Resources */ = {
			isa = PBXResourcesBuildPhase;
			buildActionMask = 2147483647;
			files = (
			);
			runOnlyForDeploymentPostprocessing = 0;
		};
/* End PBXResourcesBuildPhase section */

/* Begin PBXSourcesBuildPhase section */
		C27DFCD71B4A6A1E008671C4 /* Sources */ = {
			isa = PBXSourcesBuildPhase;
			buildActionMask = 2147483647;
			files = (
				C27DFD0C1B4A6A58008671C4 /* AFHTTPRequestOperation.m in Sources */,
				C27DFD0E1B4A6A58008671C4 /* AFURLResponseSerialization.m in Sources */,
				C27DFD0A1B4A6A58008671C4 /* AFNetworkReachabilityManager.m in Sources */,
				C27DFD081B4A6A58008671C4 /* AFHTTPRequestOperationManager.m in Sources */,
				C2A742F01B85B833004C9C33 /* AFHTTPResponseCache..m in Sources */,
				C27DFD0B1B4A6A58008671C4 /* AFSecurityPolicy.m in Sources */,
				C2A1358E1B8EF7A900C049C6 /* UIImageView+AFNetworking.m in Sources */,
				C27DFD0D1B4A6A58008671C4 /* AFURLRequestSerialization.m in Sources */,
			);
			runOnlyForDeploymentPostprocessing = 0;
		};
		C27DFCE21B4A6A1E008671C4 /* Sources */ = {
			isa = PBXSourcesBuildPhase;
			buildActionMask = 2147483647;
			files = (
				C27DFD161B4A808D008671C4 /* AFHTTPRequestOperationTest.m in Sources */,
			);
			runOnlyForDeploymentPostprocessing = 0;
		};
/* End PBXSourcesBuildPhase section */

/* Begin PBXTargetDependency section */
		C27DFCE91B4A6A1E008671C4 /* PBXTargetDependency */ = {
			isa = PBXTargetDependency;
			target = C27DFCDA1B4A6A1E008671C4 /* AFNetworking */;
			targetProxy = C27DFCE81B4A6A1E008671C4 /* PBXContainerItemProxy */;
		};
/* End PBXTargetDependency section */

/* Begin XCBuildConfiguration section */
		C27DFCED1B4A6A1E008671C4 /* Debug */ = {
			isa = XCBuildConfiguration;
			buildSettings = {
				ALWAYS_SEARCH_USER_PATHS = NO;
				CLANG_CXX_LANGUAGE_STANDARD = "gnu++0x";
				CLANG_CXX_LIBRARY = "libc++";
				CLANG_ENABLE_MODULES = YES;
				CLANG_ENABLE_OBJC_ARC = YES;
				CLANG_WARN_BOOL_CONVERSION = YES;
				CLANG_WARN_CONSTANT_CONVERSION = YES;
				CLANG_WARN_DIRECT_OBJC_ISA_USAGE = YES_ERROR;
				CLANG_WARN_EMPTY_BODY = YES;
				CLANG_WARN_ENUM_CONVERSION = YES;
				CLANG_WARN_INT_CONVERSION = YES;
				CLANG_WARN_OBJC_ROOT_CLASS = YES_ERROR;
				CLANG_WARN_UNREACHABLE_CODE = YES;
				CLANG_WARN__DUPLICATE_METHOD_MATCH = YES;
				COPY_PHASE_STRIP = NO;
				DEBUG_INFORMATION_FORMAT = "dwarf-with-dsym";
				ENABLE_STRICT_OBJC_MSGSEND = YES;
				GCC_C_LANGUAGE_STANDARD = gnu99;
				GCC_DYNAMIC_NO_PIC = NO;
				GCC_NO_COMMON_BLOCKS = YES;
				GCC_OPTIMIZATION_LEVEL = 0;
				GCC_PREPROCESSOR_DEFINITIONS = (
					"DEBUG=1",
					"$(inherited)",
				);
				GCC_SYMBOLS_PRIVATE_EXTERN = NO;
				GCC_WARN_64_TO_32_BIT_CONVERSION = YES;
				GCC_WARN_ABOUT_RETURN_TYPE = YES_ERROR;
				GCC_WARN_UNDECLARED_SELECTOR = YES;
				GCC_WARN_UNINITIALIZED_AUTOS = YES_AGGRESSIVE;
				GCC_WARN_UNUSED_FUNCTION = YES;
				GCC_WARN_UNUSED_VARIABLE = YES;
				IPHONEOS_DEPLOYMENT_TARGET = 8.3;
				MTL_ENABLE_DEBUG_INFO = YES;
				ONLY_ACTIVE_ARCH = YES;
				SDKROOT = iphoneos;
			};
			name = Debug;
		};
		C27DFCEE1B4A6A1E008671C4 /* Release */ = {
			isa = XCBuildConfiguration;
			buildSettings = {
				ALWAYS_SEARCH_USER_PATHS = NO;
				CLANG_CXX_LANGUAGE_STANDARD = "gnu++0x";
				CLANG_CXX_LIBRARY = "libc++";
				CLANG_ENABLE_MODULES = YES;
				CLANG_ENABLE_OBJC_ARC = YES;
				CLANG_WARN_BOOL_CONVERSION = YES;
				CLANG_WARN_CONSTANT_CONVERSION = YES;
				CLANG_WARN_DIRECT_OBJC_ISA_USAGE = YES_ERROR;
				CLANG_WARN_EMPTY_BODY = YES;
				CLANG_WARN_ENUM_CONVERSION = YES;
				CLANG_WARN_INT_CONVERSION = YES;
				CLANG_WARN_OBJC_ROOT_CLASS = YES_ERROR;
				CLANG_WARN_UNREACHABLE_CODE = YES;
				CLANG_WARN__DUPLICATE_METHOD_MATCH = YES;
				COPY_PHASE_STRIP = NO;
				DEBUG_INFORMATION_FORMAT = "dwarf-with-dsym";
				ENABLE_NS_ASSERTIONS = NO;
				ENABLE_STRICT_OBJC_MSGSEND = YES;
				GCC_C_LANGUAGE_STANDARD = gnu99;
				GCC_NO_COMMON_BLOCKS = YES;
				GCC_WARN_64_TO_32_BIT_CONVERSION = YES;
				GCC_WARN_ABOUT_RETURN_TYPE = YES_ERROR;
				GCC_WARN_UNDECLARED_SELECTOR = YES;
				GCC_WARN_UNINITIALIZED_AUTOS = YES_AGGRESSIVE;
				GCC_WARN_UNUSED_FUNCTION = YES;
				GCC_WARN_UNUSED_VARIABLE = YES;
				IPHONEOS_DEPLOYMENT_TARGET = 8.3;
				MTL_ENABLE_DEBUG_INFO = NO;
				SDKROOT = iphoneos;
				VALIDATE_PRODUCT = YES;
			};
			name = Release;
		};
		C27DFCF01B4A6A1E008671C4 /* Debug */ = {
			isa = XCBuildConfiguration;
			buildSettings = {
				IPHONEOS_DEPLOYMENT_TARGET = 6.0;
				OTHER_LDFLAGS = "-ObjC";
				PRODUCT_NAME = "$(TARGET_NAME)";
				SKIP_INSTALL = YES;
			};
			name = Debug;
		};
		C27DFCF11B4A6A1E008671C4 /* Release */ = {
			isa = XCBuildConfiguration;
			buildSettings = {
				IPHONEOS_DEPLOYMENT_TARGET = 6.0;
				OTHER_LDFLAGS = "-ObjC";
				PRODUCT_NAME = "$(TARGET_NAME)";
				SKIP_INSTALL = YES;
			};
			name = Release;
		};
		C27DFCF31B4A6A1E008671C4 /* Debug */ = {
			isa = XCBuildConfiguration;
			buildSettings = {
				"CODE_SIGN_IDENTITY[sdk=iphoneos*]" = "iPhone Developer";
				FRAMEWORK_SEARCH_PATHS = (
					"$(SDKROOT)/Developer/Library/Frameworks",
					"$(inherited)",
				);
				GCC_PREPROCESSOR_DEFINITIONS = (
					"DEBUG=1",
					"$(inherited)",
				);
				INFOPLIST_FILE = AFNetworkingTests/Info.plist;
				IPHONEOS_DEPLOYMENT_TARGET = 6.0;
				LD_RUNPATH_SEARCH_PATHS = "$(inherited) @executable_path/Frameworks @loader_path/Frameworks";
				PRODUCT_NAME = "$(TARGET_NAME)";
			};
			name = Debug;
		};
		C27DFCF41B4A6A1E008671C4 /* Release */ = {
			isa = XCBuildConfiguration;
			buildSettings = {
				"CODE_SIGN_IDENTITY[sdk=iphoneos*]" = "iPhone Developer";
				FRAMEWORK_SEARCH_PATHS = (
					"$(SDKROOT)/Developer/Library/Frameworks",
					"$(inherited)",
				);
				INFOPLIST_FILE = AFNetworkingTests/Info.plist;
				IPHONEOS_DEPLOYMENT_TARGET = 6.0;
				LD_RUNPATH_SEARCH_PATHS = "$(inherited) @executable_path/Frameworks @loader_path/Frameworks";
				PRODUCT_NAME = "$(TARGET_NAME)";
			};
			name = Release;
		};
/* End XCBuildConfiguration section */

/* Begin XCConfigurationList section */
		C27DFCD61B4A6A1E008671C4 /* Build configuration list for PBXProject "AFNetworking" */ = {
			isa = XCConfigurationList;
			buildConfigurations = (
				C27DFCED1B4A6A1E008671C4 /* Debug */,
				C27DFCEE1B4A6A1E008671C4 /* Release */,
			);
			defaultConfigurationIsVisible = 0;
			defaultConfigurationName = Release;
		};
		C27DFCEF1B4A6A1E008671C4 /* Build configuration list for PBXNativeTarget "AFNetworking" */ = {
			isa = XCConfigurationList;
			buildConfigurations = (
				C27DFCF01B4A6A1E008671C4 /* Debug */,
				C27DFCF11B4A6A1E008671C4 /* Release */,
			);
			defaultConfigurationIsVisible = 0;
			defaultConfigurationName = Release;
		};
		C27DFCF21B4A6A1E008671C4 /* Build configuration list for PBXNativeTarget "AFNetworkingTests" */ = {
			isa = XCConfigurationList;
			buildConfigurations = (
				C27DFCF31B4A6A1E008671C4 /* Debug */,
				C27DFCF41B4A6A1E008671C4 /* Release */,
			);
			defaultConfigurationIsVisible = 0;
			defaultConfigurationName = Release;
		};
/* End XCConfigurationList section */
	};
	rootObject = C27DFCD31B4A6A1E008671C4 /* Project object */;
}
